
Microsoft Visual Studio Solution File, Format Version 12.00
# Visual Studio 2013
VisualStudioVersion = 12.0.40629.0
MinimumVisualStudioVersion = 10.0.40219.1
Project("{FAE04EC0-301F-11D3-BF4B-00C04F79EFBC}") = "Projet", "Projet\Projet.csproj", "{FE665B00-9B32-4252-9602-92D16C2AB257}"
EndProject
Project("{FAE04EC0-301F-11D3-BF4B-00C04F79EFBC}") = "MyGraphicComponents", "MyGraphicComponents\MyGraphicComponents.csproj", "{F4621CB1-0B46-4510-AA9C-77949C295735}"
EndProject
Global
	GlobalSection(SolutionConfigurationPlatforms) = preSolution
		Debug|Any CPU = Debug|Any CPU
		Release|Any CPU = Release|Any CPU
	EndGlobalSection
	GlobalSection(ProjectConfigurationPlatforms) = postSolution
		{FE665B00-9B32-4252-9602-92D16C2AB257}.Debug|Any CPU.ActiveCfg = Debug|Any CPU
		{FE665B00-9B32-4252-9602-92D16C2AB257}.Debug|Any CPU.Build.0 = Debug|Any CPU
		{FE665B00-9B32-4252-9602-92D16C2AB257}.Release|Any CPU.ActiveCfg = Release|Any CPU
		{FE665B00-9B32-4252-9602-92D16C2AB257}.Release|Any CPU.Build.0 = Release|Any CPU
		{F4621CB1-0B46-4510-AA9C-77949C295735}.Debug|Any CPU.ActiveCfg = Debug|Any CPU
		{F4621CB1-0B46-4510-AA9C-77949C295735}.Debug|Any CPU.Build.0 = Debug|Any CPU
		{F4621CB1-0B46-4510-AA9C-77949C295735}.Release|Any CPU.ActiveCfg = Release|Any CPU
		{F4621CB1-0B46-4510-AA9C-77949C295735}.Release|Any CPU.Build.0 = Release|Any CPU
	EndGlobalSection
	GlobalSection(SolutionProperties) = preSolution
		HideSolutionNode = FALSE
	EndGlobalSection
EndGlobal
